
Microsoft Visual Studio Solution File, Format Version 12.00
# Visual Studio Version 17
VisualStudioVersion = 17.3.32929.385
MinimumVisualStudioVersion = 10.0.40219.1
Project("{9A19103F-16F7-4668-BE54-9A1E7A4F7556}") = "API", "API\API.csproj", "{6DF57784-C118-4007-B794-B2CBBA445FDB}"
EndProject
Project("{2150E333-8FDC-42A3-9474-1A3956D46DE8}") = "Services", "Services", "{39433DDA-C367-4FFC-ADBA-C91712E5268A}"
EndProject
Project("{2150E333-8FDC-42A3-9474-1A3956D46DE8}") = "SharedProt", "SharedProt", "{74C54293-7AA7-42AA-8A5E-E5891661CA3B}"
EndProject
Project("{9A19103F-16F7-4668-BE54-9A1E7A4F7556}") = "CRM", "CRM\CRM.csproj", "{94798E91-09D5-4CB9-AD2E-84A02BE934BD}"
EndProject
Project("{9A19103F-16F7-4668-BE54-9A1E7A4F7556}") = "srvMasters", "Services\srvMasters\srvMasters.csproj", "{D6F88B7A-C175-4EF6-890D-52943117C2D8}"
EndProject
Project("{9A19103F-16F7-4668-BE54-9A1E7A4F7556}") = "srvProduct", "Services\srvProduct\srvProduct.csproj", "{C187D637-EE90-4217-A58C-8FCB683FBF51}"
EndProject
Project("{9A19103F-16F7-4668-BE54-9A1E7A4F7556}") = "srvStaticWeb", "Services\srvStaticWeb\srvStaticWeb.csproj", "{6443167D-DB63-4D7E-85F9-380944B0F29C}"
EndProject
Global
	GlobalSection(SolutionConfigurationPlatforms) = preSolution
		Debug|Any CPU = Debug|Any CPU
		Release|Any CPU = Release|Any CPU
	EndGlobalSection
	GlobalSection(ProjectConfigurationPlatforms) = postSolution
		{6DF57784-C118-4007-B794-B2CBBA445FDB}.Debug|Any CPU.ActiveCfg = Debug|Any CPU
		{6DF57784-C118-4007-B794-B2CBBA445FDB}.Debug|Any CPU.Build.0 = Debug|Any CPU
		{6DF57784-C118-4007-B794-B2CBBA445FDB}.Release|Any CPU.ActiveCfg = Release|Any CPU
		{6DF57784-C118-4007-B794-B2CBBA445FDB}.Release|Any CPU.Build.0 = Release|Any CPU
		{94798E91-09D5-4CB9-AD2E-84A02BE934BD}.Debug|Any CPU.ActiveCfg = Debug|Any CPU
		{94798E91-09D5-4CB9-AD2E-84A02BE934BD}.Debug|Any CPU.Build.0 = Debug|Any CPU
		{94798E91-09D5-4CB9-AD2E-84A02BE934BD}.Release|Any CPU.ActiveCfg = Release|Any CPU
		{94798E91-09D5-4CB9-AD2E-84A02BE934BD}.Release|Any CPU.Build.0 = Release|Any CPU
		{D6F88B7A-C175-4EF6-890D-52943117C2D8}.Debug|Any CPU.ActiveCfg = Debug|Any CPU
		{D6F88B7A-C175-4EF6-890D-52943117C2D8}.Debug|Any CPU.Build.0 = Debug|Any CPU
		{D6F88B7A-C175-4EF6-890D-52943117C2D8}.Release|Any CPU.ActiveCfg = Release|Any CPU
		{D6F88B7A-C175-4EF6-890D-52943117C2D8}.Release|Any CPU.Build.0 = Release|Any CPU
		{C187D637-EE90-4217-A58C-8FCB683FBF51}.Debug|Any CPU.ActiveCfg = Debug|Any CPU
		{C187D637-EE90-4217-A58C-8FCB683FBF51}.Debug|Any CPU.Build.0 = Debug|Any CPU
		{C187D637-EE90-4217-A58C-8FCB683FBF51}.Release|Any CPU.ActiveCfg = Release|Any CPU
		{C187D637-EE90-4217-A58C-8FCB683FBF51}.Release|Any CPU.Build.0 = Release|Any CPU
		{6443167D-DB63-4D7E-85F9-380944B0F29C}.Debug|Any CPU.ActiveCfg = Debug|Any CPU
		{6443167D-DB63-4D7E-85F9-380944B0F29C}.Debug|Any CPU.Build.0 = Debug|Any CPU
		{6443167D-DB63-4D7E-85F9-380944B0F29C}.Release|Any CPU.ActiveCfg = Release|Any CPU
		{6443167D-DB63-4D7E-85F9-380944B0F29C}.Release|Any CPU.Build.0 = Release|Any CPU
	EndGlobalSection
	GlobalSection(SolutionProperties) = preSolution
		HideSolutionNode = FALSE
	EndGlobalSection
	GlobalSection(NestedProjects) = preSolution
		{74C54293-7AA7-42AA-8A5E-E5891661CA3B} = {39433DDA-C367-4FFC-ADBA-C91712E5268A}
		{D6F88B7A-C175-4EF6-890D-52943117C2D8} = {39433DDA-C367-4FFC-ADBA-C91712E5268A}
		{C187D637-EE90-4217-A58C-8FCB683FBF51} = {39433DDA-C367-4FFC-ADBA-C91712E5268A}
		{6443167D-DB63-4D7E-85F9-380944B0F29C} = {39433DDA-C367-4FFC-ADBA-C91712E5268A}
	EndGlobalSection
	GlobalSection(ExtensibilityGlobals) = postSolution
		SolutionGuid = {02485C69-8DE0-46D4-B809-26F3455C0813}
	EndGlobalSection
EndGlobal
