
Microsoft Visual Studio Solution File, Format Version 12.00
# Visual Studio Version 17
VisualStudioVersion = 17.6.33815.320
MinimumVisualStudioVersion = 10.0.40219.1
Project("{9A19103F-16F7-4668-BE54-9A1E7A4F7556}") = "srvMasters", "..\srvMasters.csproj", "{F5474210-3683-4928-8F82-6D3D4E6C0D98}"
EndProject
Global
	GlobalSection(SolutionConfigurationPlatforms) = preSolution
		Debug|Any CPU = Debug|Any CPU
		Release|Any CPU = Release|Any CPU
	EndGlobalSection
	GlobalSection(ProjectConfigurationPlatforms) = postSolution
		{F5474210-3683-4928-8F82-6D3D4E6C0D98}.Debug|Any CPU.ActiveCfg = Debug|Any CPU
		{F5474210-3683-4928-8F82-6D3D4E6C0D98}.Debug|Any CPU.Build.0 = Debug|Any CPU
		{F5474210-3683-4928-8F82-6D3D4E6C0D98}.Release|Any CPU.ActiveCfg = Release|Any CPU
		{F5474210-3683-4928-8F82-6D3D4E6C0D98}.Release|Any CPU.Build.0 = Release|Any CPU
	EndGlobalSection
	GlobalSection(SolutionProperties) = preSolution
		HideSolutionNode = FALSE
	EndGlobalSection
	GlobalSection(ExtensibilityGlobals) = postSolution
		SolutionGuid = {79E34A57-FE83-43DC-A46D-1DE5A51960BF}
	EndGlobalSection
EndGlobal
